
Microsoft Visual Studio Solution File, Format Version 12.00
# Visual Studio Version 17
VisualStudioVersion = 17.3.32901.215
MinimumVisualStudioVersion = 10.0.40219.1
Project("{FAE04EC0-301F-11D3-BF4B-00C04F79EFBC}") = "3pogrami", "3pogrami\3pogrami.csproj", "{537A1D53-1FC1-4E1B-91D8-7BB3B1514BA8}"
EndProject
Global
	GlobalSection(SolutionConfigurationPlatforms) = preSolution
		Debug|Any CPU = Debug|Any CPU
		Release|Any CPU = Release|Any CPU
	EndGlobalSection
	GlobalSection(ProjectConfigurationPlatforms) = postSolution
		{537A1D53-1FC1-4E1B-91D8-7BB3B1514BA8}.Debug|Any CPU.ActiveCfg = Debug|Any CPU
		{537A1D53-1FC1-4E1B-91D8-7BB3B1514BA8}.Debug|Any CPU.Build.0 = Debug|Any CPU
		{537A1D53-1FC1-4E1B-91D8-7BB3B1514BA8}.Release|Any CPU.ActiveCfg = Release|Any CPU
		{537A1D53-1FC1-4E1B-91D8-7BB3B1514BA8}.Release|Any CPU.Build.0 = Release|Any CPU
	EndGlobalSection
	GlobalSection(SolutionProperties) = preSolution
		HideSolutionNode = FALSE
	EndGlobalSection
	GlobalSection(ExtensibilityGlobals) = postSolution
		SolutionGuid = {1967BF23-7706-4435-ADD8-D2F0A38EE637}
	EndGlobalSection
EndGlobal
